<?xml version="1.0" encoding="utf-8"?>
<Project ToolsVersion="4.0" xmlns="http://schemas.microsoft.com/developer/msbuild/2003">
  <ItemGroup>
    <Filter Include="Source Files">
      <UniqueIdentifier>{4FC737F1-C7A5-4376-A066-2A32D752A2FF}</UniqueIdentifier>
      <Extensions>cpp;c;cc;cxx;def;odl;idl;hpj;bat;asm;asmx</Extensions>
    </Filter>
    <Filter Include="Header Files">
      <UniqueIdentifier>{93995380-89BD-4b04-88EB-625FBE52EBFB}</UniqueIdentifier>
      <Extensions>h;hh;hpp;hxx;hm;inl;inc;xsd</Extensions>
    </Filter>
    <Filter Include="Resource Files">
      <UniqueIdentifier>{67DA6AB6-F800-4c08-8B7A-83BB121AAD01}</UniqueIdentifier>
      <Extensions>rc;ico;cur;bmp;dlg;rc2;rct;bin;rgs;gif;jpg;jpeg;jpe;resx;tiff;tif;png;wav;mfcribbon-ms</Extensions>
    </Filter>
  </ItemGroup>
  <ItemGroup>
    <Text Include="ReadMe.txt" />
  </ItemGroup>
  <ItemGroup>
    <ClInclude Include="stdafx.h">
      <Filter>Header Files</Filter>
    </ClInclude>
    <ClInclude Include="targetver.h">
      <Filter>Header Files</Filter>
    </ClInclude>
    <ClInclude Include="Funkcje.h">
      <Filter>Header Files</Filter>
    </ClInclude>
    <ClInclude Include="Figura.h">
      <Filter>Header Files</Filter>
    </ClInclude>
    <ClInclude Include="Nieruchome.h">
      <Filter>Header Files</Filter>
    </ClInclude>
    <ClInclude Include="Punkt.h">
      <Filter>Header Files</Filter>
    </ClInclude>
    <ClInclude Include="Ruchome.h">
      <Filter>Header Files</Filter>
    </ClInclude>
    <ClInclude Include="Samochod.h">
      <Filter>Header Files</Filter>
    </ClInclude>
    <ClInclude Include="Pociag.h">
      <Filter>Header Files</Filter>
    </ClInclude>
    <ClInclude Include="Skrzynka.h">
      <Filter>Header Files</Filter>
    </ClInclude>
    <ClInclude Include="Drzewo.h">
      <Filter>Header Files</Filter>
    </ClInclude>
    <ClInclude Include="Efekt.h">
      <Filter>Header Files</Filter>
    </ClInclude>
    <ClInclude Include="DWyswietl.h">
      <Filter>Header Files</Filter>
    </ClInclude>
    <ClInclude Include="DSamochod.h">
      <Filter>Header Files</Filter>
    </ClInclude>
    <ClInclude Include="DPociag.h">
      <Filter>Header Files</Filter>
    </ClInclude>
    <ClInclude Include="DDrzewo.h">
      <Filter>Header Files</Filter>
    </ClInclude>
    <ClInclude Include="DSkrzynka.h">
      <Filter>Header Files</Filter>
    </ClInclude>
    <ClInclude Include="Avatar.h">
      <Filter>Header Files</Filter>
    </ClInclude>
    <ClInclude Include="DAvatar.h">
      <Filter>Header Files</Filter>
    </ClInclude>
  </ItemGroup>
  <ItemGroup>
    <ClCompile Include="stdafx.cpp">
      <Filter>Source Files</Filter>
    </ClCompile>
    <ClCompile Include="Frog.cpp">
      <Filter>Source Files</Filter>
    </ClCompile>
    <ClCompile Include="Funkcje.cpp">
      <Filter>Source Files</Filter>
    </ClCompile>
    <ClCompile Include="Figura.cpp">
      <Filter>Source Files</Filter>
    </ClCompile>
    <ClCompile Include="Nieruchome.cpp">
      <Filter>Source Files</Filter>
    </ClCompile>
    <ClCompile Include="Punkt.cpp">
      <Filter>Source Files</Filter>
    </ClCompile>
    <ClCompile Include="Ruchome.cpp">
      <Filter>Source Files</Filter>
    </ClCompile>
    <ClCompile Include="Samochod.cpp">
      <Filter>Source Files</Filter>
    </ClCompile>
    <ClCompile Include="Pociag.cpp">
      <Filter>Source Files</Filter>
    </ClCompile>
    <ClCompile Include="Skrzynka.cpp">
      <Filter>Source Files</Filter>
    </ClCompile>
    <ClCompile Include="Drzewo.cpp">
      <Filter>Source Files</Filter>
    </ClCompile>
    <ClCompile Include="Efekt.cpp">
      <Filter>Source Files</Filter>
    </ClCompile>
    <ClCompile Include="DWyswietl.cpp">
      <Filter>Source Files</Filter>
    </ClCompile>
    <ClCompile Include="DSamochod.cpp">
      <Filter>Source Files</Filter>
    </ClCompile>
    <ClCompile Include="DPociag.cpp">
      <Filter>Source Files</Filter>
    </ClCompile>
    <ClCompile Include="DDrzewo.cpp">
      <Filter>Source Files</Filter>
    </ClCompile>
    <ClCompile Include="DSkrzynka.cpp">
      <Filter>Source Files</Filter>
    </ClCompile>
    <ClCompile Include="Avatar.cpp">
      <Filter>Source Files</Filter>
    </ClCompile>
    <ClCompile Include="DAvatar.cpp">
      <Filter>Source Files</Filter>
    </ClCompile>
  </ItemGroup>
  <ItemGroup>
    <None Include="packages.config" />
  </ItemGroup>
</Project>